// !$*UTF8*$!
{
	archiveVersion = 1;
	classes = {
	};
	objectVersion = 52;
	objects = {

/* Begin PBXBuildFile section */
		8473C2A825D183EC009ED8D0 /* AppDelegate.swift in Sources */ = {isa = PBXBuildFile; fileRef = 8473C2A725D183EC009ED8D0 /* AppDelegate.swift */; };
		8473C2AC25D183EC009ED8D0 /* homeViewController.swift in Sources */ = {isa = PBXBuildFile; fileRef = 8473C2AB25D183EC009ED8D0 /* homeViewController.swift */; };
		8473C2AF25D183EC009ED8D0 /* Main.storyboard in Resources */ = {isa = PBXBuildFile; fileRef = 8473C2AD25D183EC009ED8D0 /* Main.storyboard */; };
		8473C2B125D183ED009ED8D0 /* Assets.xcassets in Resources */ = {isa = PBXBuildFile; fileRef = 8473C2B025D183ED009ED8D0 /* Assets.xcassets */; };
		8473C2B425D183ED009ED8D0 /* LaunchScreen.storyboard in Resources */ = {isa = PBXBuildFile; fileRef = 8473C2B225D183ED009ED8D0 /* LaunchScreen.storyboard */; };
		8473C2BF25D183ED009ED8D0 /* ClassifiedsTests.swift in Sources */ = {isa = PBXBuildFile; fileRef = 8473C2BE25D183ED009ED8D0 /* ClassifiedsTests.swift */; };
		8473C2CA25D183ED009ED8D0 /* ClassifiedsUITests.swift in Sources */ = {isa = PBXBuildFile; fileRef = 8473C2C925D183ED009ED8D0 /* ClassifiedsUITests.swift */; };
		8473C30B25D18DCF009ED8D0 /* homeAssembly.swift in Sources */ = {isa = PBXBuildFile; fileRef = 8473C30A25D18DCF009ED8D0 /* homeAssembly.swift */; };
		8473C31025D18EF5009ED8D0 /* homeContract.swift in Sources */ = {isa = PBXBuildFile; fileRef = 8473C30F25D18EF5009ED8D0 /* homeContract.swift */; };
		8473C33225D195D4009ED8D0 /* Alamofire in Frameworks */ = {isa = PBXBuildFile; productRef = 8473C33125D195D4009ED8D0 /* Alamofire */; };
		8473C33825D195EA009ED8D0 /* SnapKit in Frameworks */ = {isa = PBXBuildFile; productRef = 8473C33725D195EA009ED8D0 /* SnapKit */; };
		8473C33E25D19617009ED8D0 /* Swinject in Frameworks */ = {isa = PBXBuildFile; productRef = 8473C33D25D19617009ED8D0 /* Swinject */; };
		8473C34925D1968E009ED8D0 /* homeInteractor.swift in Sources */ = {isa = PBXBuildFile; fileRef = 8473C34825D1968E009ED8D0 /* homeInteractor.swift */; };
		8473C35125D19706009ED8D0 /* homePresenter.swift in Sources */ = {isa = PBXBuildFile; fileRef = 8473C35025D19706009ED8D0 /* homePresenter.swift */; };
		8473C35625D1975B009ED8D0 /* homeRouter.swift in Sources */ = {isa = PBXBuildFile; fileRef = 8473C35525D1975B009ED8D0 /* homeRouter.swift */; };
		8473C35B25D19871009ED8D0 /* homeRemoteDataManager.swift in Sources */ = {isa = PBXBuildFile; fileRef = 8473C35A25D19871009ED8D0 /* homeRemoteDataManager.swift */; };
		8473C36125D19996009ED8D0 /* Reachability in Frameworks */ = {isa = PBXBuildFile; productRef = 8473C36025D19996009ED8D0 /* Reachability */; };
		8473C36925D19CE1009ED8D0 /* home.strings in Resources */ = {isa = PBXBuildFile; fileRef = 8473C36825D19CE1009ED8D0 /* home.strings */; };
		8473C36E25D19D28009ED8D0 /* home.swift in Sources */ = {isa = PBXBuildFile; fileRef = 8473C36D25D19D28009ED8D0 /* home.swift */; };
		8473C37E25D1A945009ED8D0 /* BaseTableView.swift in Sources */ = {isa = PBXBuildFile; fileRef = 8473C37D25D1A945009ED8D0 /* BaseTableView.swift */; };
		8473C38425D1AC24009ED8D0 /* homeTableViewCell.swift in Sources */ = {isa = PBXBuildFile; fileRef = 8473C38325D1AC24009ED8D0 /* homeTableViewCell.swift */; };
		8473C38B25D1AE43009ED8D0 /* Typography.swift in Sources */ = {isa = PBXBuildFile; fileRef = 8473C38A25D1AE43009ED8D0 /* Typography.swift */; };
		8473C39325D1B00E009ED8D0 /* Palette.swift in Sources */ = {isa = PBXBuildFile; fileRef = 8473C39225D1B00E009ED8D0 /* Palette.swift */; };
		8473C3DF25D1B99A009ED8D0 /* homeEntity.swift in Sources */ = {isa = PBXBuildFile; fileRef = 8473C3DE25D1B99A009ED8D0 /* homeEntity.swift */; };
		8473C3F325D1BD7B009ED8D0 /* Service+Utils.swift in Sources */ = {isa = PBXBuildFile; fileRef = 8473C3F225D1BD7B009ED8D0 /* Service+Utils.swift */; };
		8473C43825D29F4B009ED8D0 /* ObjectMapper in Frameworks */ = {isa = PBXBuildFile; productRef = 8473C43725D29F4B009ED8D0 /* ObjectMapper */; };
		8473C44425D2E9FD009ED8D0 /* SDWebImage in Frameworks */ = {isa = PBXBuildFile; productRef = 8473C44325D2E9FD009ED8D0 /* SDWebImage */; };
		8473C44C25D2F316009ED8D0 /* detailAssembly.swift in Sources */ = {isa = PBXBuildFile; fileRef = 8473C44B25D2F316009ED8D0 /* detailAssembly.swift */; };
		8473C45125D2F32F009ED8D0 /* detailContract.swift in Sources */ = {isa = PBXBuildFile; fileRef = 8473C45025D2F32F009ED8D0 /* detailContract.swift */; };
		8473C45B25D2F34B009ED8D0 /* detailPresenter.swift in Sources */ = {isa = PBXBuildFile; fileRef = 8473C45A25D2F34B009ED8D0 /* detailPresenter.swift */; };
		8473C46525D2F36A009ED8D0 /* detailViewController.swift in Sources */ = {isa = PBXBuildFile; fileRef = 8473C46425D2F36A009ED8D0 /* detailViewController.swift */; };
/* End PBXBuildFile section */

/* Begin PBXContainerItemProxy section */
		8473C2BB25D183ED009ED8D0 /* PBXContainerItemProxy */ = {
			isa = PBXContainerItemProxy;
			containerPortal = 8473C29C25D183EC009ED8D0 /* Project object */;
			proxyType = 1;
			remoteGlobalIDString = 8473C2A325D183EC009ED8D0;
			remoteInfo = Classifieds;
		};
		8473C2C625D183ED009ED8D0 /* PBXContainerItemProxy */ = {
			isa = PBXContainerItemProxy;
			containerPortal = 8473C29C25D183EC009ED8D0 /* Project object */;
			proxyType = 1;
			remoteGlobalIDString = 8473C2A325D183EC009ED8D0;
			remoteInfo = Classifieds;
		};
/* End PBXContainerItemProxy section */

/* Begin PBXFileReference section */
		8473C2A425D183EC009ED8D0 /* Classifieds.app */ = {isa = PBXFileReference; explicitFileType = wrapper.application; includeInIndex = 0; path = Classifieds.app; sourceTree = BUILT_PRODUCTS_DIR; };
		8473C2A725D183EC009ED8D0 /* AppDelegate.swift */ = {isa = PBXFileReference; lastKnownFileType = sourcecode.swift; path = AppDelegate.swift; sourceTree = "<group>"; };
		8473C2AB25D183EC009ED8D0 /* homeViewController.swift */ = {isa = PBXFileReference; lastKnownFileType = sourcecode.swift; path = homeViewController.swift; sourceTree = "<group>"; };
		8473C2AE25D183EC009ED8D0 /* Base */ = {isa = PBXFileReference; lastKnownFileType = file.storyboard; name = Base; path = Base.lproj/Main.storyboard; sourceTree = "<group>"; };
		8473C2B025D183ED009ED8D0 /* Assets.xcassets */ = {isa = PBXFileReference; lastKnownFileType = folder.assetcatalog; path = Assets.xcassets; sourceTree = "<group>"; };
		8473C2B325D183ED009ED8D0 /* Base */ = {isa = PBXFileReference; lastKnownFileType = file.storyboard; name = Base; path = Base.lproj/LaunchScreen.storyboard; sourceTree = "<group>"; };
		8473C2B525D183ED009ED8D0 /* Info.plist */ = {isa = PBXFileReference; lastKnownFileType = text.plist.xml; path = Info.plist; sourceTree = "<group>"; };
		8473C2BA25D183ED009ED8D0 /* ClassifiedsTests.xctest */ = {isa = PBXFileReference; explicitFileType = wrapper.cfbundle; includeInIndex = 0; path = ClassifiedsTests.xctest; sourceTree = BUILT_PRODUCTS_DIR; };
		8473C2BE25D183ED009ED8D0 /* ClassifiedsTests.swift */ = {isa = PBXFileReference; lastKnownFileType = sourcecode.swift; path = ClassifiedsTests.swift; sourceTree = "<group>"; };
		8473C2C025D183ED009ED8D0 /* Info.plist */ = {isa = PBXFileReference; lastKnownFileType = text.plist.xml; path = Info.plist; sourceTree = "<group>"; };
		8473C2C525D183ED009ED8D0 /* ClassifiedsUITests.xctest */ = {isa = PBXFileReference; explicitFileType = wrapper.cfbundle; includeInIndex = 0; path = ClassifiedsUITests.xctest; sourceTree = BUILT_PRODUCTS_DIR; };
		8473C2C925D183ED009ED8D0 /* ClassifiedsUITests.swift */ = {isa = PBXFileReference; lastKnownFileType = sourcecode.swift; path = ClassifiedsUITests.swift; sourceTree = "<group>"; };
		8473C2CB25D183ED009ED8D0 /* Info.plist */ = {isa = PBXFileReference; lastKnownFileType = text.plist.xml; path = Info.plist; sourceTree = "<group>"; };
		8473C30A25D18DCF009ED8D0 /* homeAssembly.swift */ = {isa = PBXFileReference; lastKnownFileType = sourcecode.swift; path = homeAssembly.swift; sourceTree = "<group>"; };
		8473C30F25D18EF5009ED8D0 /* homeContract.swift */ = {isa = PBXFileReference; lastKnownFileType = sourcecode.swift; path = homeContract.swift; sourceTree = "<group>"; };
		8473C34825D1968E009ED8D0 /* homeInteractor.swift */ = {isa = PBXFileReference; lastKnownFileType = sourcecode.swift; path = homeInteractor.swift; sourceTree = "<group>"; };
		8473C35025D19706009ED8D0 /* homePresenter.swift */ = {isa = PBXFileReference; lastKnownFileType = sourcecode.swift; path = homePresenter.swift; sourceTree = "<group>"; };
		8473C35525D1975B009ED8D0 /* homeRouter.swift */ = {isa = PBXFileReference; lastKnownFileType = sourcecode.swift; path = homeRouter.swift; sourceTree = "<group>"; };
		8473C35A25D19871009ED8D0 /* homeRemoteDataManager.swift */ = {isa = PBXFileReference; lastKnownFileType = sourcecode.swift; path = homeRemoteDataManager.swift; sourceTree = "<group>"; };
		8473C36825D19CE1009ED8D0 /* home.strings */ = {isa = PBXFileReference; lastKnownFileType = text.plist.strings; path = home.strings; sourceTree = "<group>"; };
		8473C36D25D19D28009ED8D0 /* home.swift */ = {isa = PBXFileReference; lastKnownFileType = sourcecode.swift; path = home.swift; sourceTree = "<group>"; };
		8473C37D25D1A945009ED8D0 /* BaseTableView.swift */ = {isa = PBXFileReference; lastKnownFileType = sourcecode.swift; path = BaseTableView.swift; sourceTree = "<group>"; };
		8473C38325D1AC24009ED8D0 /* homeTableViewCell.swift */ = {isa = PBXFileReference; lastKnownFileType = sourcecode.swift; path = homeTableViewCell.swift; sourceTree = "<group>"; };
		8473C38A25D1AE43009ED8D0 /* Typography.swift */ = {isa = PBXFileReference; lastKnownFileType = sourcecode.swift; path = Typography.swift; sourceTree = "<group>"; };
		8473C39225D1B00E009ED8D0 /* Palette.swift */ = {isa = PBXFileReference; lastKnownFileType = sourcecode.swift; path = Palette.swift; sourceTree = "<group>"; };
		8473C3DE25D1B99A009ED8D0 /* homeEntity.swift */ = {isa = PBXFileReference; lastKnownFileType = sourcecode.swift; path = homeEntity.swift; sourceTree = "<group>"; };
		8473C3F225D1BD7B009ED8D0 /* Service+Utils.swift */ = {isa = PBXFileReference; lastKnownFileType = sourcecode.swift; path = "Service+Utils.swift"; sourceTree = "<group>"; };
		8473C44B25D2F316009ED8D0 /* detailAssembly.swift */ = {isa = PBXFileReference; lastKnownFileType = sourcecode.swift; path = detailAssembly.swift; sourceTree = "<group>"; };
		8473C45025D2F32F009ED8D0 /* detailContract.swift */ = {isa = PBXFileReference; lastKnownFileType = sourcecode.swift; path = detailContract.swift; sourceTree = "<group>"; };
		8473C45A25D2F34B009ED8D0 /* detailPresenter.swift */ = {isa = PBXFileReference; lastKnownFileType = sourcecode.swift; path = detailPresenter.swift; sourceTree = "<group>"; };
		8473C46425D2F36A009ED8D0 /* detailViewController.swift */ = {isa = PBXFileReference; lastKnownFileType = sourcecode.swift; path = detailViewController.swift; sourceTree = "<group>"; };
/* End PBXFileReference section */

/* Begin PBXFrameworksBuildPhase section */
		8473C2A125D183EC009ED8D0 /* Frameworks */ = {
			isa = PBXFrameworksBuildPhase;
			buildActionMask = 2147483647;
			files = (
				8473C43825D29F4B009ED8D0 /* ObjectMapper in Frameworks */,
				8473C33225D195D4009ED8D0 /* Alamofire in Frameworks */,
				8473C33825D195EA009ED8D0 /* SnapKit in Frameworks */,
				8473C44425D2E9FD009ED8D0 /* SDWebImage in Frameworks */,
				8473C36125D19996009ED8D0 /* Reachability in Frameworks */,
				8473C33E25D19617009ED8D0 /* Swinject in Frameworks */,
			);
			runOnlyForDeploymentPostprocessing = 0;
		};
		8473C2B725D183ED009ED8D0 /* Frameworks */ = {
			isa = PBXFrameworksBuildPhase;
			buildActionMask = 2147483647;
			files = (
			);
			runOnlyForDeploymentPostprocessing = 0;
		};
		8473C2C225D183ED009ED8D0 /* Frameworks */ = {
			isa = PBXFrameworksBuildPhase;
			buildActionMask = 2147483647;
			files = (
			);
			runOnlyForDeploymentPostprocessing = 0;
		};
/* End PBXFrameworksBuildPhase section */

/* Begin PBXGroup section */
		8473C29B25D183EC009ED8D0 = {
			isa = PBXGroup;
			children = (
				8473C2A625D183EC009ED8D0 /* Classifieds */,
				8473C2BD25D183ED009ED8D0 /* ClassifiedsTests */,
				8473C2C825D183ED009ED8D0 /* ClassifiedsUITests */,
				8473C34225D1964F009ED8D0 /* Frameworks */,
				8473C2A525D183EC009ED8D0 /* Products */,
			);
			sourceTree = "<group>";
		};
		8473C2A525D183EC009ED8D0 /* Products */ = {
			isa = PBXGroup;
			children = (
				8473C2A425D183EC009ED8D0 /* Classifieds.app */,
				8473C2BA25D183ED009ED8D0 /* ClassifiedsTests.xctest */,
				8473C2C525D183ED009ED8D0 /* ClassifiedsUITests.xctest */,
			);
			name = Products;
			sourceTree = "<group>";
		};
		8473C2A625D183EC009ED8D0 /* Classifieds */ = {
			isa = PBXGroup;
			children = (
				8473C37B25D1A91B009ED8D0 /* Components */,
				8473C2F925D189F7009ED8D0 /* Details */,
				8473C2DD25D18894009ED8D0 /* Home */,
				8473C2B525D183ED009ED8D0 /* Info.plist */,
				8473C2DF25D188C6009ED8D0 /* Resources */,
				8473C2DE25D188A8009ED8D0 /* Setup */,
			);
			path = Classifieds;
			sourceTree = "<group>";
		};
		8473C2BD25D183ED009ED8D0 /* ClassifiedsTests */ = {
			isa = PBXGroup;
			children = (
				8473C2BE25D183ED009ED8D0 /* ClassifiedsTests.swift */,
				8473C2C025D183ED009ED8D0 /* Info.plist */,
			);
			path = ClassifiedsTests;
			sourceTree = "<group>";
		};
		8473C2C825D183ED009ED8D0 /* ClassifiedsUITests */ = {
			isa = PBXGroup;
			children = (
				8473C2C925D183ED009ED8D0 /* ClassifiedsUITests.swift */,
				8473C2CB25D183ED009ED8D0 /* Info.plist */,
			);
			path = ClassifiedsUITests;
			sourceTree = "<group>";
		};
		8473C2DD25D18894009ED8D0 /* Home */ = {
			isa = PBXGroup;
			children = (
				8473C38225D1ABCA009ED8D0 /* cell */,
				8473C3DD25D1B982009ED8D0 /* Entity */,
				8473C30A25D18DCF009ED8D0 /* homeAssembly.swift */,
				8473C30F25D18EF5009ED8D0 /* homeContract.swift */,
				8473C34825D1968E009ED8D0 /* homeInteractor.swift */,
				8473C35025D19706009ED8D0 /* homePresenter.swift */,
				8473C35A25D19871009ED8D0 /* homeRemoteDataManager.swift */,
				8473C35525D1975B009ED8D0 /* homeRouter.swift */,
				8473C2AB25D183EC009ED8D0 /* homeViewController.swift */,
				8473C30925D18DA4009ED8D0 /* Strings */,
			);
			path = Home;
			sourceTree = "<group>";
		};
		8473C2DE25D188A8009ED8D0 /* Setup */ = {
			isa = PBXGroup;
			children = (
				8473C2A725D183EC009ED8D0 /* AppDelegate.swift */,
			);
			path = Setup;
			sourceTree = "<group>";
		};
		8473C2DF25D188C6009ED8D0 /* Resources */ = {
			isa = PBXGroup;
			children = (
				8473C2AD25D183EC009ED8D0 /* Main.storyboard */,
				8473C2B025D183ED009ED8D0 /* Assets.xcassets */,
				8473C2B225D183ED009ED8D0 /* LaunchScreen.storyboard */,
			);
			path = Resources;
			sourceTree = "<group>";
		};
		8473C2F925D189F7009ED8D0 /* Details */ = {
			isa = PBXGroup;
			children = (
				8473C44B25D2F316009ED8D0 /* detailAssembly.swift */,
				8473C45025D2F32F009ED8D0 /* detailContract.swift */,
				8473C45A25D2F34B009ED8D0 /* detailPresenter.swift */,
				8473C46425D2F36A009ED8D0 /* detailViewController.swift */,
			);
			path = Details;
			sourceTree = "<group>";
		};
		8473C30925D18DA4009ED8D0 /* Strings */ = {
			isa = PBXGroup;
			children = (
				8473C36825D19CE1009ED8D0 /* home.strings */,
				8473C36D25D19D28009ED8D0 /* home.swift */,
			);
			path = Strings;
			sourceTree = "<group>";
		};
		8473C34225D1964F009ED8D0 /* Frameworks */ = {
			isa = PBXGroup;
			children = (
			);
			name = Frameworks;
			sourceTree = "<group>";
		};
		8473C37B25D1A91B009ED8D0 /* Components */ = {
			isa = PBXGroup;
			children = (
				8473C3E325D1BAEA009ED8D0 /* Utilities */,
				8473C38925D1AE09009ED8D0 /* Palette */,
				8473C38825D1AE02009ED8D0 /* Typography */,
				8473C37C25D1A922009ED8D0 /* BaseTableView */,
			);
			path = Components;
			sourceTree = "<group>";
		};
		8473C37C25D1A922009ED8D0 /* BaseTableView */ = {
			isa = PBXGroup;
			children = (
				8473C37D25D1A945009ED8D0 /* BaseTableView.swift */,
			);
			path = BaseTableView;
			sourceTree = "<group>";
		};
		8473C38225D1ABCA009ED8D0 /* cell */ = {
			isa = PBXGroup;
			children = (
				8473C38325D1AC24009ED8D0 /* homeTableViewCell.swift */,
			);
			path = cell;
			sourceTree = "<group>";
		};
		8473C38825D1AE02009ED8D0 /* Typography */ = {
			isa = PBXGroup;
			children = (
				8473C38A25D1AE43009ED8D0 /* Typography.swift */,
			);
			path = Typography;
			sourceTree = "<group>";
		};
		8473C38925D1AE09009ED8D0 /* Palette */ = {
			isa = PBXGroup;
			children = (
				8473C39225D1B00E009ED8D0 /* Palette.swift */,
			);
			path = Palette;
			sourceTree = "<group>";
		};
		8473C3DD25D1B982009ED8D0 /* Entity */ = {
			isa = PBXGroup;
			children = (
				8473C3DE25D1B99A009ED8D0 /* homeEntity.swift */,
			);
			path = Entity;
			sourceTree = "<group>";
		};
		8473C3E325D1BAEA009ED8D0 /* Utilities */ = {
			isa = PBXGroup;
			children = (
				8473C3F225D1BD7B009ED8D0 /* Service+Utils.swift */,
			);
			path = Utilities;
			sourceTree = "<group>";
		};
/* End PBXGroup section */

/* Begin PBXNativeTarget section */
		8473C2A325D183EC009ED8D0 /* Classifieds */ = {
			isa = PBXNativeTarget;
			buildConfigurationList = 8473C2CE25D183ED009ED8D0 /* Build configuration list for PBXNativeTarget "Classifieds" */;
			buildPhases = (
				8473C2A025D183EC009ED8D0 /* Sources */,
				8473C2A125D183EC009ED8D0 /* Frameworks */,
				8473C2A225D183EC009ED8D0 /* Resources */,
			);
			buildRules = (
			);
			dependencies = (
			);
			name = Classifieds;
			packageProductDependencies = (
				8473C33125D195D4009ED8D0 /* Alamofire */,
				8473C33725D195EA009ED8D0 /* SnapKit */,
				8473C33D25D19617009ED8D0 /* Swinject */,
				8473C36025D19996009ED8D0 /* Reachability */,
				8473C43725D29F4B009ED8D0 /* ObjectMapper */,
				8473C44325D2E9FD009ED8D0 /* SDWebImage */,
			);
			productName = Classifieds;
			productReference = 8473C2A425D183EC009ED8D0 /* Classifieds.app */;
			productType = "com.apple.product-type.application";
		};
		8473C2B925D183ED009ED8D0 /* ClassifiedsTests */ = {
			isa = PBXNativeTarget;
			buildConfigurationList = 8473C2D125D183ED009ED8D0 /* Build configuration list for PBXNativeTarget "ClassifiedsTests" */;
			buildPhases = (
				8473C2B625D183ED009ED8D0 /* Sources */,
				8473C2B725D183ED009ED8D0 /* Frameworks */,
				8473C2B825D183ED009ED8D0 /* Resources */,
			);
			buildRules = (
			);
			dependencies = (
				8473C2BC25D183ED009ED8D0 /* PBXTargetDependency */,
			);
			name = ClassifiedsTests;
			productName = ClassifiedsTests;
			productReference = 8473C2BA25D183ED009ED8D0 /* ClassifiedsTests.xctest */;
			productType = "com.apple.product-type.bundle.unit-test";
		};
		8473C2C425D183ED009ED8D0 /* ClassifiedsUITests */ = {
			isa = PBXNativeTarget;
			buildConfigurationList = 8473C2D425D183ED009ED8D0 /* Build configuration list for PBXNativeTarget "ClassifiedsUITests" */;
			buildPhases = (
				8473C2C125D183ED009ED8D0 /* Sources */,
				8473C2C225D183ED009ED8D0 /* Frameworks */,
				8473C2C325D183ED009ED8D0 /* Resources */,
			);
			buildRules = (
			);
			dependencies = (
				8473C2C725D183ED009ED8D0 /* PBXTargetDependency */,
			);
			name = ClassifiedsUITests;
			productName = ClassifiedsUITests;
			productReference = 8473C2C525D183ED009ED8D0 /* ClassifiedsUITests.xctest */;
			productType = "com.apple.product-type.bundle.ui-testing";
		};
/* End PBXNativeTarget section */

/* Begin PBXProject section */
		8473C29C25D183EC009ED8D0 /* Project object */ = {
			isa = PBXProject;
			attributes = {
				LastSwiftUpdateCheck = 1220;
				LastUpgradeCheck = 1220;
				TargetAttributes = {
					8473C2A325D183EC009ED8D0 = {
						CreatedOnToolsVersion = 12.2;
					};
					8473C2B925D183ED009ED8D0 = {
						CreatedOnToolsVersion = 12.2;
						TestTargetID = 8473C2A325D183EC009ED8D0;
					};
					8473C2C425D183ED009ED8D0 = {
						CreatedOnToolsVersion = 12.2;
						TestTargetID = 8473C2A325D183EC009ED8D0;
					};
				};
			};
			buildConfigurationList = 8473C29F25D183EC009ED8D0 /* Build configuration list for PBXProject "Classifieds" */;
			compatibilityVersion = "Xcode 9.3";
			developmentRegion = en;
			hasScannedForEncodings = 0;
			knownRegions = (
				en,
				Base,
			);
			mainGroup = 8473C29B25D183EC009ED8D0;
			packageReferences = (
				8473C33025D195D4009ED8D0 /* XCRemoteSwiftPackageReference "Alamofire" */,
				8473C33625D195EA009ED8D0 /* XCRemoteSwiftPackageReference "SnapKit" */,
				8473C33C25D19617009ED8D0 /* XCRemoteSwiftPackageReference "Swinject" */,
				8473C35F25D19996009ED8D0 /* XCRemoteSwiftPackageReference "Reachability" */,
				8473C43625D29F4B009ED8D0 /* XCRemoteSwiftPackageReference "ObjectMapper" */,
				8473C44225D2E9FD009ED8D0 /* XCRemoteSwiftPackageReference "SDWebImage" */,
			);
			productRefGroup = 8473C2A525D183EC009ED8D0 /* Products */;
			projectDirPath = "";
			projectRoot = "";
			targets = (
				8473C2A325D183EC009ED8D0 /* Classifieds */,
				8473C2B925D183ED009ED8D0 /* ClassifiedsTests */,
				8473C2C425D183ED009ED8D0 /* ClassifiedsUITests */,
			);
		};
/* End PBXProject section */

/* Begin PBXResourcesBuildPhase section */
		8473C2A225D183EC009ED8D0 /* Resources */ = {
			isa = PBXResourcesBuildPhase;
			buildActionMask = 2147483647;
			files = (
				8473C2B425D183ED009ED8D0 /* LaunchScreen.storyboard in Resources */,
				8473C36925D19CE1009ED8D0 /* home.strings in Resources */,
				8473C2B125D183ED009ED8D0 /* Assets.xcassets in Resources */,
				8473C2AF25D183EC009ED8D0 /* Main.storyboard in Resources */,
			);
			runOnlyForDeploymentPostprocessing = 0;
		};
		8473C2B825D183ED009ED8D0 /* Resources */ = {
			isa = PBXResourcesBuildPhase;
			buildActionMask = 2147483647;
			files = (
			);
			runOnlyForDeploymentPostprocessing = 0;
		};
		8473C2C325D183ED009ED8D0 /* Resources */ = {
			isa = PBXResourcesBuildPhase;
			buildActionMask = 2147483647;
			files = (
			);
			runOnlyForDeploymentPostprocessing = 0;
		};
/* End PBXResourcesBuildPhase section */

/* Begin PBXSourcesBuildPhase section */
		8473C2A025D183EC009ED8D0 /* Sources */ = {
			isa = PBXSourcesBuildPhase;
			buildActionMask = 2147483647;
			files = (
				8473C45125D2F32F009ED8D0 /* detailContract.swift in Sources */,
				8473C35B25D19871009ED8D0 /* homeRemoteDataManager.swift in Sources */,
				8473C2AC25D183EC009ED8D0 /* homeViewController.swift in Sources */,
				8473C44C25D2F316009ED8D0 /* detailAssembly.swift in Sources */,
				8473C2A825D183EC009ED8D0 /* AppDelegate.swift in Sources */,
				8473C46525D2F36A009ED8D0 /* detailViewController.swift in Sources */,
				8473C31025D18EF5009ED8D0 /* homeContract.swift in Sources */,
				8473C30B25D18DCF009ED8D0 /* homeAssembly.swift in Sources */,
				8473C34925D1968E009ED8D0 /* homeInteractor.swift in Sources */,
				8473C38425D1AC24009ED8D0 /* homeTableViewCell.swift in Sources */,
				8473C37E25D1A945009ED8D0 /* BaseTableView.swift in Sources */,
				8473C3DF25D1B99A009ED8D0 /* homeEntity.swift in Sources */,
				8473C35625D1975B009ED8D0 /* homeRouter.swift in Sources */,
				8473C35125D19706009ED8D0 /* homePresenter.swift in Sources */,
				8473C3F325D1BD7B009ED8D0 /* Service+Utils.swift in Sources */,
				8473C36E25D19D28009ED8D0 /* home.swift in Sources */,
				8473C38B25D1AE43009ED8D0 /* Typography.swift in Sources */,
				8473C39325D1B00E009ED8D0 /* Palette.swift in Sources */,
				8473C45B25D2F34B009ED8D0 /* detailPresenter.swift in Sources */,
			);
			runOnlyForDeploymentPostprocessing = 0;
		};
		8473C2B625D183ED009ED8D0 /* Sources */ = {
			isa = PBXSourcesBuildPhase;
			buildActionMask = 2147483647;
			files = (
				8473C2BF25D183ED009ED8D0 /* ClassifiedsTests.swift in Sources */,
			);
			runOnlyForDeploymentPostprocessing = 0;
		};
		8473C2C125D183ED009ED8D0 /* Sources */ = {
			isa = PBXSourcesBuildPhase;
			buildActionMask = 2147483647;
			files = (
				8473C2CA25D183ED009ED8D0 /* ClassifiedsUITests.swift in Sources */,
			);
			runOnlyForDeploymentPostprocessing = 0;
		};
/* End PBXSourcesBuildPhase section */

/* Begin PBXTargetDependency section */
		8473C2BC25D183ED009ED8D0 /* PBXTargetDependency */ = {
			isa = PBXTargetDependency;
			target = 8473C2A325D183EC009ED8D0 /* Classifieds */;
			targetProxy = 8473C2BB25D183ED009ED8D0 /* PBXContainerItemProxy */;
		};
		8473C2C725D183ED009ED8D0 /* PBXTargetDependency */ = {
			isa = PBXTargetDependency;
			target = 8473C2A325D183EC009ED8D0 /* Classifieds */;
			targetProxy = 8473C2C625D183ED009ED8D0 /* PBXContainerItemProxy */;
		};
/* End PBXTargetDependency section */

/* Begin PBXVariantGroup section */
		8473C2AD25D183EC009ED8D0 /* Main.storyboard */ = {
			isa = PBXVariantGroup;
			children = (
				8473C2AE25D183EC009ED8D0 /* Base */,
			);
			name = Main.storyboard;
			sourceTree = "<group>";
		};
		8473C2B225D183ED009ED8D0 /* LaunchScreen.storyboard */ = {
			isa = PBXVariantGroup;
			children = (
				8473C2B325D183ED009ED8D0 /* Base */,
			);
			name = LaunchScreen.storyboard;
			sourceTree = "<group>";
		};
/* End PBXVariantGroup section */

/* Begin XCBuildConfiguration section */
		8473C2CC25D183ED009ED8D0 /* Debug */ = {
			isa = XCBuildConfiguration;
			buildSettings = {
				ALWAYS_SEARCH_USER_PATHS = NO;
				CLANG_ANALYZER_NONNULL = YES;
				CLANG_ANALYZER_NUMBER_OBJECT_CONVERSION = YES_AGGRESSIVE;
				CLANG_CXX_LANGUAGE_STANDARD = "gnu++14";
				CLANG_CXX_LIBRARY = "libc++";
				CLANG_ENABLE_MODULES = YES;
				CLANG_ENABLE_OBJC_ARC = YES;
				CLANG_ENABLE_OBJC_WEAK = YES;
				CLANG_WARN_BLOCK_CAPTURE_AUTORELEASING = YES;
				CLANG_WARN_BOOL_CONVERSION = YES;
				CLANG_WARN_COMMA = YES;
				CLANG_WARN_CONSTANT_CONVERSION = YES;
				CLANG_WARN_DEPRECATED_OBJC_IMPLEMENTATIONS = YES;
				CLANG_WARN_DIRECT_OBJC_ISA_USAGE = YES_ERROR;
				CLANG_WARN_DOCUMENTATION_COMMENTS = YES;
				CLANG_WARN_EMPTY_BODY = YES;
				CLANG_WARN_ENUM_CONVERSION = YES;
				CLANG_WARN_INFINITE_RECURSION = YES;
				CLANG_WARN_INT_CONVERSION = YES;
				CLANG_WARN_NON_LITERAL_NULL_CONVERSION = YES;
				CLANG_WARN_OBJC_IMPLICIT_RETAIN_SELF = YES;
				CLANG_WARN_OBJC_LITERAL_CONVERSION = YES;
				CLANG_WARN_OBJC_ROOT_CLASS = YES_ERROR;
				CLANG_WARN_QUOTED_INCLUDE_IN_FRAMEWORK_HEADER = YES;
				CLANG_WARN_RANGE_LOOP_ANALYSIS = YES;
				CLANG_WARN_STRICT_PROTOTYPES = YES;
				CLANG_WARN_SUSPICIOUS_MOVE = YES;
				CLANG_WARN_UNGUARDED_AVAILABILITY = YES_AGGRESSIVE;
				CLANG_WARN_UNREACHABLE_CODE = YES;
				CLANG_WARN__DUPLICATE_METHOD_MATCH = YES;
				COPY_PHASE_STRIP = NO;
				DEBUG_INFORMATION_FORMAT = dwarf;
				ENABLE_STRICT_OBJC_MSGSEND = YES;
				ENABLE_TESTABILITY = YES;
				GCC_C_LANGUAGE_STANDARD = gnu11;
				GCC_DYNAMIC_NO_PIC = NO;
				GCC_NO_COMMON_BLOCKS = YES;
				GCC_OPTIMIZATION_LEVEL = 0;
				GCC_PREPROCESSOR_DEFINITIONS = (
					"DEBUG=1",
					"$(inherited)",
				);
				GCC_WARN_64_TO_32_BIT_CONVERSION = YES;
				GCC_WARN_ABOUT_RETURN_TYPE = YES_ERROR;
				GCC_WARN_UNDECLARED_SELECTOR = YES;
				GCC_WARN_UNINITIALIZED_AUTOS = YES_AGGRESSIVE;
				GCC_WARN_UNUSED_FUNCTION = YES;
				GCC_WARN_UNUSED_VARIABLE = YES;
				IPHONEOS_DEPLOYMENT_TARGET = 14.2;
				MTL_ENABLE_DEBUG_INFO = INCLUDE_SOURCE;
				MTL_FAST_MATH = YES;
				ONLY_ACTIVE_ARCH = YES;
				SDKROOT = iphoneos;
				SWIFT_ACTIVE_COMPILATION_CONDITIONS = DEBUG;
				SWIFT_OPTIMIZATION_LEVEL = "-Onone";
			};
			name = Debug;
		};
		8473C2CD25D183ED009ED8D0 /* Release */ = {
			isa = XCBuildConfiguration;
			buildSettings = {
				ALWAYS_SEARCH_USER_PATHS = NO;
				CLANG_ANALYZER_NONNULL = YES;
				CLANG_ANALYZER_NUMBER_OBJECT_CONVERSION = YES_AGGRESSIVE;
				CLANG_CXX_LANGUAGE_STANDARD = "gnu++14";
				CLANG_CXX_LIBRARY = "libc++";
				CLANG_ENABLE_MODULES = YES;
				CLANG_ENABLE_OBJC_ARC = YES;
				CLANG_ENABLE_OBJC_WEAK = YES;
				CLANG_WARN_BLOCK_CAPTURE_AUTORELEASING = YES;
				CLANG_WARN_BOOL_CONVERSION = YES;
				CLANG_WARN_COMMA = YES;
				CLANG_WARN_CONSTANT_CONVERSION = YES;
				CLANG_WARN_DEPRECATED_OBJC_IMPLEMENTATIONS = YES;
				CLANG_WARN_DIRECT_OBJC_ISA_USAGE = YES_ERROR;
				CLANG_WARN_DOCUMENTATION_COMMENTS = YES;
				CLANG_WARN_EMPTY_BODY = YES;
				CLANG_WARN_ENUM_CONVERSION = YES;
				CLANG_WARN_INFINITE_RECURSION = YES;
				CLANG_WARN_INT_CONVERSION = YES;
				CLANG_WARN_NON_LITERAL_NULL_CONVERSION = YES;
				CLANG_WARN_OBJC_IMPLICIT_RETAIN_SELF = YES;
				CLANG_WARN_OBJC_LITERAL_CONVERSION = YES;
				CLANG_WARN_OBJC_ROOT_CLASS = YES_ERROR;
				CLANG_WARN_QUOTED_INCLUDE_IN_FRAMEWORK_HEADER = YES;
				CLANG_WARN_RANGE_LOOP_ANALYSIS = YES;
				CLANG_WARN_STRICT_PROTOTYPES = YES;
				CLANG_WARN_SUSPICIOUS_MOVE = YES;
				CLANG_WARN_UNGUARDED_AVAILABILITY = YES_AGGRESSIVE;
				CLANG_WARN_UNREACHABLE_CODE = YES;
				CLANG_WARN__DUPLICATE_METHOD_MATCH = YES;
				COPY_PHASE_STRIP = NO;
				DEBUG_INFORMATION_FORMAT = "dwarf-with-dsym";
				ENABLE_NS_ASSERTIONS = NO;
				ENABLE_STRICT_OBJC_MSGSEND = YES;
				GCC_C_LANGUAGE_STANDARD = gnu11;
				GCC_NO_COMMON_BLOCKS = YES;
				GCC_WARN_64_TO_32_BIT_CONVERSION = YES;
				GCC_WARN_ABOUT_RETURN_TYPE = YES_ERROR;
				GCC_WARN_UNDECLARED_SELECTOR = YES;
				GCC_WARN_UNINITIALIZED_AUTOS = YES_AGGRESSIVE;
				GCC_WARN_UNUSED_FUNCTION = YES;
				GCC_WARN_UNUSED_VARIABLE = YES;
				IPHONEOS_DEPLOYMENT_TARGET = 14.2;
				MTL_ENABLE_DEBUG_INFO = NO;
				MTL_FAST_MATH = YES;
				SDKROOT = iphoneos;
				SWIFT_COMPILATION_MODE = wholemodule;
				SWIFT_OPTIMIZATION_LEVEL = "-O";
				VALIDATE_PRODUCT = YES;
			};
			name = Release;
		};
		8473C2CF25D183ED009ED8D0 /* Debug */ = {
			isa = XCBuildConfiguration;
			buildSettings = {
				ASSETCATALOG_COMPILER_APPICON_NAME = AppIcon;
				ASSETCATALOG_COMPILER_GLOBAL_ACCENT_COLOR_NAME = AccentColor;
				CODE_SIGN_STYLE = Automatic;
				DEVELOPMENT_TEAM = 4YE8NAYW4M;
				FRAMEWORK_SEARCH_PATHS = (
					"$(inherited)",
					"$(PROJECT_DIR)/Carthage/Build/iOS",
				);
				INFOPLIST_FILE = Classifieds/Info.plist;
				LD_RUNPATH_SEARCH_PATHS = (
					"$(inherited)",
					"@executable_path/Frameworks",
				);
				PRODUCT_BUNDLE_IDENTIFIER = com.bayut.Classifieds;
				PRODUCT_NAME = "$(TARGET_NAME)";
				SWIFT_VERSION = 5.0;
				TARGETED_DEVICE_FAMILY = "1,2";
			};
			name = Debug;
		};
		8473C2D025D183ED009ED8D0 /* Release */ = {
			isa = XCBuildConfiguration;
			buildSettings = {
				ASSETCATALOG_COMPILER_APPICON_NAME = AppIcon;
				ASSETCATALOG_COMPILER_GLOBAL_ACCENT_COLOR_NAME = AccentColor;
				CODE_SIGN_STYLE = Automatic;
				DEVELOPMENT_TEAM = 4YE8NAYW4M;
				FRAMEWORK_SEARCH_PATHS = (
					"$(inherited)",
					"$(PROJECT_DIR)/Carthage/Build/iOS",
				);
				INFOPLIST_FILE = Classifieds/Info.plist;
				LD_RUNPATH_SEARCH_PATHS = (
					"$(inherited)",
					"@executable_path/Frameworks",
				);
				PRODUCT_BUNDLE_IDENTIFIER = com.bayut.Classifieds;
				PRODUCT_NAME = "$(TARGET_NAME)";
				SWIFT_VERSION = 5.0;
				TARGETED_DEVICE_FAMILY = "1,2";
			};
			name = Release;
		};
		8473C2D225D183ED009ED8D0 /* Debug */ = {
			isa = XCBuildConfiguration;
			buildSettings = {
				ALWAYS_EMBED_SWIFT_STANDARD_LIBRARIES = YES;
				BUNDLE_LOADER = "$(TEST_HOST)";
				CODE_SIGN_STYLE = Automatic;
				DEVELOPMENT_TEAM = 4YE8NAYW4M;
				INFOPLIST_FILE = ClassifiedsTests/Info.plist;
				IPHONEOS_DEPLOYMENT_TARGET = 14.2;
				LD_RUNPATH_SEARCH_PATHS = (
					"$(inherited)",
					"@executable_path/Frameworks",
					"@loader_path/Frameworks",
				);
				PRODUCT_BUNDLE_IDENTIFIER = com.bayut.ClassifiedsTests;
				PRODUCT_NAME = "$(TARGET_NAME)";
				SWIFT_VERSION = 5.0;
				TARGETED_DEVICE_FAMILY = "1,2";
				TEST_HOST = "$(BUILT_PRODUCTS_DIR)/Classifieds.app/Classifieds";
			};
			name = Debug;
		};
		8473C2D325D183ED009ED8D0 /* Release */ = {
			isa = XCBuildConfiguration;
			buildSettings = {
				ALWAYS_EMBED_SWIFT_STANDARD_LIBRARIES = YES;
				BUNDLE_LOADER = "$(TEST_HOST)";
				CODE_SIGN_STYLE = Automatic;
				DEVELOPMENT_TEAM = 4YE8NAYW4M;
				INFOPLIST_FILE = ClassifiedsTests/Info.plist;
				IPHONEOS_DEPLOYMENT_TARGET = 14.2;
				LD_RUNPATH_SEARCH_PATHS = (
					"$(inherited)",
					"@executable_path/Frameworks",
					"@loader_path/Frameworks",
				);
				PRODUCT_BUNDLE_IDENTIFIER = com.bayut.ClassifiedsTests;
				PRODUCT_NAME = "$(TARGET_NAME)";
				SWIFT_VERSION = 5.0;
				TARGETED_DEVICE_FAMILY = "1,2";
				TEST_HOST = "$(BUILT_PRODUCTS_DIR)/Classifieds.app/Classifieds";
			};
			name = Release;
		};
		8473C2D525D183ED009ED8D0 /* Debug */ = {
			isa = XCBuildConfiguration;
			buildSettings = {
				ALWAYS_EMBED_SWIFT_STANDARD_LIBRARIES = YES;
				CODE_SIGN_STYLE = Automatic;
				DEVELOPMENT_TEAM = 4YE8NAYW4M;
				INFOPLIST_FILE = ClassifiedsUITests/Info.plist;
				LD_RUNPATH_SEARCH_PATHS = (
					"$(inherited)",
					"@executable_path/Frameworks",
					"@loader_path/Frameworks",
				);
				PRODUCT_BUNDLE_IDENTIFIER = com.bayut.ClassifiedsUITests;
				PRODUCT_NAME = "$(TARGET_NAME)";
				SWIFT_VERSION = 5.0;
				TARGETED_DEVICE_FAMILY = "1,2";
				TEST_TARGET_NAME = Classifieds;
			};
			name = Debug;
		};
		8473C2D625D183ED009ED8D0 /* Release */ = {
			isa = XCBuildConfiguration;
			buildSettings = {
				ALWAYS_EMBED_SWIFT_STANDARD_LIBRARIES = YES;
				CODE_SIGN_STYLE = Automatic;
				DEVELOPMENT_TEAM = 4YE8NAYW4M;
				INFOPLIST_FILE = ClassifiedsUITests/Info.plist;
				LD_RUNPATH_SEARCH_PATHS = (
					"$(inherited)",
					"@executable_path/Frameworks",
					"@loader_path/Frameworks",
				);
				PRODUCT_BUNDLE_IDENTIFIER = com.bayut.ClassifiedsUITests;
				PRODUCT_NAME = "$(TARGET_NAME)";
				SWIFT_VERSION = 5.0;
				TARGETED_DEVICE_FAMILY = "1,2";
				TEST_TARGET_NAME = Classifieds;
			};
			name = Release;
		};
/* End XCBuildConfiguration section */

/* Begin XCConfigurationList section */
		8473C29F25D183EC009ED8D0 /* Build configuration list for PBXProject "Classifieds" */ = {
			isa = XCConfigurationList;
			buildConfigurations = (
				8473C2CC25D183ED009ED8D0 /* Debug */,
				8473C2CD25D183ED009ED8D0 /* Release */,
			);
			defaultConfigurationIsVisible = 0;
			defaultConfigurationName = Release;
		};
		8473C2CE25D183ED009ED8D0 /* Build configuration list for PBXNativeTarget "Classifieds" */ = {
			isa = XCConfigurationList;
			buildConfigurations = (
				8473C2CF25D183ED009ED8D0 /* Debug */,
				8473C2D025D183ED009ED8D0 /* Release */,
			);
			defaultConfigurationIsVisible = 0;
			defaultConfigurationName = Release;
		};
		8473C2D125D183ED009ED8D0 /* Build configuration list for PBXNativeTarget "ClassifiedsTests" */ = {
			isa = XCConfigurationList;
			buildConfigurations = (
				8473C2D225D183ED009ED8D0 /* Debug */,
				8473C2D325D183ED009ED8D0 /* Release */,
			);
			defaultConfigurationIsVisible = 0;
			defaultConfigurationName = Release;
		};
		8473C2D425D183ED009ED8D0 /* Build configuration list for PBXNativeTarget "ClassifiedsUITests" */ = {
			isa = XCConfigurationList;
			buildConfigurations = (
				8473C2D525D183ED009ED8D0 /* Debug */,
				8473C2D625D183ED009ED8D0 /* Release */,
			);
			defaultConfigurationIsVisible = 0;
			defaultConfigurationName = Release;
		};
/* End XCConfigurationList section */

/* Begin XCRemoteSwiftPackageReference section */
		8473C33025D195D4009ED8D0 /* XCRemoteSwiftPackageReference "Alamofire" */ = {
			isa = XCRemoteSwiftPackageReference;
			repositoryURL = "https://github.com/Alamofire/Alamofire.git";
			requirement = {
				kind = upToNextMajorVersion;
				minimumVersion = 4.9.1;
			};
		};
		8473C33625D195EA009ED8D0 /* XCRemoteSwiftPackageReference "SnapKit" */ = {
			isa = XCRemoteSwiftPackageReference;
			repositoryURL = "https://github.com/SnapKit/SnapKit.git";
			requirement = {
				kind = upToNextMajorVersion;
				minimumVersion = 5.0.1;
			};
		};
		8473C33C25D19617009ED8D0 /* XCRemoteSwiftPackageReference "Swinject" */ = {
			isa = XCRemoteSwiftPackageReference;
			repositoryURL = "https://github.com/Swinject/Swinject.git";
			requirement = {
				kind = upToNextMajorVersion;
				minimumVersion = 2.7.1;
			};
		};
		8473C35F25D19996009ED8D0 /* XCRemoteSwiftPackageReference "Reachability" */ = {
			isa = XCRemoteSwiftPackageReference;
			repositoryURL = "https://github.com/ashleymills/Reachability.swift";
			requirement = {
				kind = upToNextMajorVersion;
				minimumVersion = 5.1.0;
			};
		};
		8473C43625D29F4B009ED8D0 /* XCRemoteSwiftPackageReference "ObjectMapper" */ = {
			isa = XCRemoteSwiftPackageReference;
			repositoryURL = "https://github.com/tristanhimmelman/ObjectMapper.git";
			requirement = {
				kind = upToNextMajorVersion;
				minimumVersion = 4.2.0;
			};
		};
		8473C44225D2E9FD009ED8D0 /* XCRemoteSwiftPackageReference "SDWebImage" */ = {
			isa = XCRemoteSwiftPackageReference;
			repositoryURL = "https://github.com/SDWebImage/SDWebImage.git";
			requirement = {
				kind = upToNextMajorVersion;
				minimumVersion = 5.10.4;
			};
		};
/* End XCRemoteSwiftPackageReference section */

/* Begin XCSwiftPackageProductDependency section */
		8473C33125D195D4009ED8D0 /* Alamofire */ = {
			isa = XCSwiftPackageProductDependency;
			package = 8473C33025D195D4009ED8D0 /* XCRemoteSwiftPackageReference "Alamofire" */;
			productName = Alamofire;
		};
		8473C33725D195EA009ED8D0 /* SnapKit */ = {
			isa = XCSwiftPackageProductDependency;
			package = 8473C33625D195EA009ED8D0 /* XCRemoteSwiftPackageReference "SnapKit" */;
			productName = SnapKit;
		};
		8473C33D25D19617009ED8D0 /* Swinject */ = {
			isa = XCSwiftPackageProductDependency;
			package = 8473C33C25D19617009ED8D0 /* XCRemoteSwiftPackageReference "Swinject" */;
			productName = Swinject;
		};
		8473C36025D19996009ED8D0 /* Reachability */ = {
			isa = XCSwiftPackageProductDependency;
			package = 8473C35F25D19996009ED8D0 /* XCRemoteSwiftPackageReference "Reachability" */;
			productName = Reachability;
		};
		8473C43725D29F4B009ED8D0 /* ObjectMapper */ = {
			isa = XCSwiftPackageProductDependency;
			package = 8473C43625D29F4B009ED8D0 /* XCRemoteSwiftPackageReference "ObjectMapper" */;
			productName = ObjectMapper;
		};
		8473C44325D2E9FD009ED8D0 /* SDWebImage */ = {
			isa = XCSwiftPackageProductDependency;
			package = 8473C44225D2E9FD009ED8D0 /* XCRemoteSwiftPackageReference "SDWebImage" */;
			productName = SDWebImage;
		};
/* End XCSwiftPackageProductDependency section */
	};
	rootObject = 8473C29C25D183EC009ED8D0 /* Project object */;
}
